
Microsoft Visual Studio Solution File, Format Version 12.00
# Visual Studio Version 17
VisualStudioVersion = 17.10.35004.147
MinimumVisualStudioVersion = 10.0.40219.1
Project("{FAE04EC0-301F-11D3-BF4B-00C04F79EFBC}") = "RPGGameWPF", "RPGGameWPF\RPGGameWPF.csproj", "{3FC0B21A-AEFB-4853-9D61-428D20E0D300}"
EndProject
Global
	GlobalSection(SolutionConfigurationPlatforms) = preSolution
		Debug|Any CPU = Debug|Any CPU
		Release|Any CPU = Release|Any CPU
	EndGlobalSection
	GlobalSection(ProjectConfigurationPlatforms) = postSolution
		{3FC0B21A-AEFB-4853-9D61-428D20E0D300}.Debug|Any CPU.ActiveCfg = Debug|Any CPU
		{3FC0B21A-AEFB-4853-9D61-428D20E0D300}.Debug|Any CPU.Build.0 = Debug|Any CPU
		{3FC0B21A-AEFB-4853-9D61-428D20E0D300}.Release|Any CPU.ActiveCfg = Release|Any CPU
		{3FC0B21A-AEFB-4853-9D61-428D20E0D300}.Release|Any CPU.Build.0 = Release|Any CPU
	EndGlobalSection
	GlobalSection(SolutionProperties) = preSolution
		HideSolutionNode = FALSE
	EndGlobalSection
	GlobalSection(ExtensibilityGlobals) = postSolution
		SolutionGuid = {EF22BF10-5902-4E96-A274-8F64DA5D837A}
	EndGlobalSection
EndGlobal
